{
  "version": "0.0.0",
  "lockfileVersion": 1,
  "requires": true,
  "dependencies": {
    "effector": {
      "version": "21.8.11",
      "resolved": "https://registry.npmjs.org/effector/-/effector-21.8.11.tgz",
      "integrity": "sha512-yEdPMYsocx5rZb/zvnPrkM77tpbnTqWZ/W/JYWxojhUD+ZW04Mpa8ezL0X1LwceYnTHAj2RscLCKK9IFD85lcA=="
    },
    "foliage": {
      "version": "0.106.0",
      "resolved": "https://registry.npmjs.org/foliage/-/foliage-0.106.0.tgz",
      "integrity": "sha512-rmxzH3kR1MM9gXJC4RESnW3B8Rztq4Jqe4nf8e2PGbyKGOfbPVLjnt3tmqiQomJm9uU6e/OWHxSdpn5lIlGUgw==",
      "requires": {
        "stylis": "^4.0.0"
      }
    },
    "forest": {
      "version": "0.19.6",
      "resolved": "https://registry.npmjs.org/forest/-/forest-0.19.6.tgz",
      "integrity": "sha512-pMj2Murs7JfSLGfjtcpBF++XVdL044weGttKEF39lNP0TIs1/S1yFCla5RWY9GfepVeK1FDQ87ORYBTX3/wd0w=="
    },
    "stylis": {
      "version": "4.0.10",
      "resolved": "https://registry.npmjs.org/stylis/-/stylis-4.0.10.tgz",
      "integrity": "sha512-m3k+dk7QeJw660eIKRRn3xPF6uuvHs/FFzjX3HQ5ove0qYsiygoAhwn5a3IYKaZPo5LrYD0rfVmtv1gNY1uYwg=="
    }
  }
}
